// !$*UTF8*$!
{
	archiveVersion = 1;
	classes = {
	};
	objectVersion = 56;
	objects = {

/* Begin PBXBuildFile section */
		C20314482B63C0880002FD47 /* KeywordHistoryTableViewCell.swift in Sources */ = {isa = PBXBuildFile; fileRef = C20314472B63C0880002FD47 /* KeywordHistoryTableViewCell.swift */; };
		C20F839D2B591CF4006B2463 /* AppDelegate.swift in Sources */ = {isa = PBXBuildFile; fileRef = C20F839C2B591CF4006B2463 /* AppDelegate.swift */; };
		C20F839F2B591CF4006B2463 /* SceneDelegate.swift in Sources */ = {isa = PBXBuildFile; fileRef = C20F839E2B591CF4006B2463 /* SceneDelegate.swift */; };
		C20F83A12B591CF4006B2463 /* ViewController.swift in Sources */ = {isa = PBXBuildFile; fileRef = C20F83A02B591CF4006B2463 /* ViewController.swift */; };
		C20F83A42B591CF4006B2463 /* Main.storyboard in Resources */ = {isa = PBXBuildFile; fileRef = C20F83A22B591CF4006B2463 /* Main.storyboard */; };
		C20F83A62B591CF5006B2463 /* Assets.xcassets in Resources */ = {isa = PBXBuildFile; fileRef = C20F83A52B591CF5006B2463 /* Assets.xcassets */; };
		C20F83A92B591CF5006B2463 /* LaunchScreen.storyboard in Resources */ = {isa = PBXBuildFile; fileRef = C20F83A72B591CF5006B2463 /* LaunchScreen.storyboard */; };
		C21607142B65AF2E001DD301 /* NickcnameSettingViewController.swift in Sources */ = {isa = PBXBuildFile; fileRef = C21607132B65AF2E001DD301 /* NickcnameSettingViewController.swift */; };
		C21607162B65BC4C001DD301 /* ProfileImageSettingViewController.swift in Sources */ = {isa = PBXBuildFile; fileRef = C21607152B65BC4C001DD301 /* ProfileImageSettingViewController.swift */; };
		C21607182B65F1C0001DD301 /* ProfileImageSettingCollectionViewCell.swift in Sources */ = {isa = PBXBuildFile; fileRef = C21607172B65F1C0001DD301 /* ProfileImageSettingCollectionViewCell.swift */; };
		C216071C2B666B6C001DD301 /* OnboardingViewController.swift in Sources */ = {isa = PBXBuildFile; fileRef = C216071B2B666B6C001DD301 /* OnboardingViewController.swift */; };
		C231A6972B88C47200D87CC6 /* Then.swift in Sources */ = {isa = PBXBuildFile; fileRef = C231A6962B88C47200D87CC6 /* Then.swift */; };
		C231A69A2B88C4A200D87CC6 /* BaseViewController.swift in Sources */ = {isa = PBXBuildFile; fileRef = C231A6992B88C4A200D87CC6 /* BaseViewController.swift */; };
		C231A69D2B88C60800D87CC6 /* SettingViewController.swift in Sources */ = {isa = PBXBuildFile; fileRef = C231A69C2B88C60800D87CC6 /* SettingViewController.swift */; };
		C231A69F2B88CDB900D87CC6 /* NicknameViewModel.swift in Sources */ = {isa = PBXBuildFile; fileRef = C231A69E2B88CDB900D87CC6 /* NicknameViewModel.swift */; };
		C231A6A12B8B15BD00D87CC6 /* Observable.swift in Sources */ = {isa = PBXBuildFile; fileRef = C231A6A02B8B15BD00D87CC6 /* Observable.swift */; };
		C231A6A52B8B596F00D87CC6 /* SettingEnum.swift in Sources */ = {isa = PBXBuildFile; fileRef = C231A6A42B8B596F00D87CC6 /* SettingEnum.swift */; };
		C231A6DC2B8C9FA500D87CC6 /* BaseCollectionViewCell.swift in Sources */ = {isa = PBXBuildFile; fileRef = C231A6DB2B8C9FA500D87CC6 /* BaseCollectionViewCell.swift */; };
		C231A6E02B8CB15600D87CC6 /* NetworkViewModel.swift in Sources */ = {isa = PBXBuildFile; fileRef = C231A6DF2B8CB15600D87CC6 /* NetworkViewModel.swift */; };
		C231A6E22B8CB32D00D87CC6 /* SortType.swift in Sources */ = {isa = PBXBuildFile; fileRef = C231A6E12B8CB32D00D87CC6 /* SortType.swift */; };
		C231A6E42B8CB4B900D87CC6 /* Model.swift in Sources */ = {isa = PBXBuildFile; fileRef = C231A6E32B8CB4B900D87CC6 /* Model.swift */; };
		C25FC44C2B5BD064000D8F6E /* Alamofire in Frameworks */ = {isa = PBXBuildFile; productRef = C25FC44B2B5BD064000D8F6E /* Alamofire */; };
		C25FC4552B5BDE68000D8F6E /* Kingfisher in Frameworks */ = {isa = PBXBuildFile; productRef = C25FC4542B5BDE68000D8F6E /* Kingfisher */; };
		C25FC45D2B5BE0DF000D8F6E /* .gitignore in Resources */ = {isa = PBXBuildFile; fileRef = C25FC45C2B5BE0DF000D8F6E /* .gitignore */; };
		C25FC45F2B5BE120000D8F6E /* APIKey.swift in Sources */ = {isa = PBXBuildFile; fileRef = C25FC45E2B5BE120000D8F6E /* APIKey.swift */; };
		C29E8B3F2B6100EE00894D23 /* UserDefaultManager.swift in Sources */ = {isa = PBXBuildFile; fileRef = C29E8B3E2B6100EE00894D23 /* UserDefaultManager.swift */; };
		C2A75FF32B63B4E600541BE7 /* KeywordHistoryViewController.swift in Sources */ = {isa = PBXBuildFile; fileRef = C2A75FF22B63B4E600541BE7 /* KeywordHistoryViewController.swift */; };
		C2A75FF62B63B56E00541BE7 /* SnapKit in Frameworks */ = {isa = PBXBuildFile; productRef = C2A75FF52B63B56E00541BE7 /* SnapKit */; };
		C2A75FF82B63B56E00541BE7 /* SnapKit-Dynamic in Frameworks */ = {isa = PBXBuildFile; productRef = C2A75FF72B63B56E00541BE7 /* SnapKit-Dynamic */; };
		C2F4F3022B8CDE4600E65588 /* KeywordResultViewController.swift in Sources */ = {isa = PBXBuildFile; fileRef = C2F4F3012B8CDE4600E65588 /* KeywordResultViewController.swift */; };
		C2F9EFD12B59392400D0BBA1 /* UIViewControllerExtension.swift in Sources */ = {isa = PBXBuildFile; fileRef = C2F9EFD02B59392400D0BBA1 /* UIViewControllerExtension.swift */; };
		C2F9EFDA2B5A325200D0BBA1 /* Protocol.swift in Sources */ = {isa = PBXBuildFile; fileRef = C2F9EFD92B5A325200D0BBA1 /* Protocol.swift */; };
/* End PBXBuildFile section */

/* Begin PBXFileReference section */
		C20314472B63C0880002FD47 /* KeywordHistoryTableViewCell.swift */ = {isa = PBXFileReference; lastKnownFileType = sourcecode.swift; path = KeywordHistoryTableViewCell.swift; sourceTree = "<group>"; };
		C20F83992B591CF4006B2463 /* SeSAC_Recap.app */ = {isa = PBXFileReference; explicitFileType = wrapper.application; includeInIndex = 0; path = SeSAC_Recap.app; sourceTree = BUILT_PRODUCTS_DIR; };
		C20F839C2B591CF4006B2463 /* AppDelegate.swift */ = {isa = PBXFileReference; lastKnownFileType = sourcecode.swift; path = AppDelegate.swift; sourceTree = "<group>"; };
		C20F839E2B591CF4006B2463 /* SceneDelegate.swift */ = {isa = PBXFileReference; lastKnownFileType = sourcecode.swift; path = SceneDelegate.swift; sourceTree = "<group>"; };
		C20F83A02B591CF4006B2463 /* ViewController.swift */ = {isa = PBXFileReference; lastKnownFileType = sourcecode.swift; path = ViewController.swift; sourceTree = "<group>"; };
		C20F83A32B591CF4006B2463 /* Base */ = {isa = PBXFileReference; lastKnownFileType = file.storyboard; name = Base; path = Base.lproj/Main.storyboard; sourceTree = "<group>"; };
		C20F83A52B591CF5006B2463 /* Assets.xcassets */ = {isa = PBXFileReference; lastKnownFileType = folder.assetcatalog; path = Assets.xcassets; sourceTree = "<group>"; };
		C20F83A82B591CF5006B2463 /* Base */ = {isa = PBXFileReference; lastKnownFileType = file.storyboard; name = Base; path = Base.lproj/LaunchScreen.storyboard; sourceTree = "<group>"; };
		C20F83AA2B591CF5006B2463 /* Info.plist */ = {isa = PBXFileReference; lastKnownFileType = text.plist.xml; path = Info.plist; sourceTree = "<group>"; };
		C21607132B65AF2E001DD301 /* NickcnameSettingViewController.swift */ = {isa = PBXFileReference; lastKnownFileType = sourcecode.swift; path = NickcnameSettingViewController.swift; sourceTree = "<group>"; };
		C21607152B65BC4C001DD301 /* ProfileImageSettingViewController.swift */ = {isa = PBXFileReference; lastKnownFileType = sourcecode.swift; path = ProfileImageSettingViewController.swift; sourceTree = "<group>"; };
		C21607172B65F1C0001DD301 /* ProfileImageSettingCollectionViewCell.swift */ = {isa = PBXFileReference; lastKnownFileType = sourcecode.swift; path = ProfileImageSettingCollectionViewCell.swift; sourceTree = "<group>"; };
		C216071B2B666B6C001DD301 /* OnboardingViewController.swift */ = {isa = PBXFileReference; lastKnownFileType = sourcecode.swift; path = OnboardingViewController.swift; sourceTree = "<group>"; };
		C231A6962B88C47200D87CC6 /* Then.swift */ = {isa = PBXFileReference; lastKnownFileType = sourcecode.swift; path = Then.swift; sourceTree = "<group>"; };
		C231A6992B88C4A200D87CC6 /* BaseViewController.swift */ = {isa = PBXFileReference; lastKnownFileType = sourcecode.swift; path = BaseViewController.swift; sourceTree = "<group>"; };
		C231A69C2B88C60800D87CC6 /* SettingViewController.swift */ = {isa = PBXFileReference; lastKnownFileType = sourcecode.swift; path = SettingViewController.swift; sourceTree = "<group>"; };
		C231A69E2B88CDB900D87CC6 /* NicknameViewModel.swift */ = {isa = PBXFileReference; lastKnownFileType = sourcecode.swift; path = NicknameViewModel.swift; sourceTree = "<group>"; };
		C231A6A02B8B15BD00D87CC6 /* Observable.swift */ = {isa = PBXFileReference; lastKnownFileType = sourcecode.swift; path = Observable.swift; sourceTree = "<group>"; };
		C231A6A42B8B596F00D87CC6 /* SettingEnum.swift */ = {isa = PBXFileReference; lastKnownFileType = sourcecode.swift; path = SettingEnum.swift; sourceTree = "<group>"; };
		C231A6DB2B8C9FA500D87CC6 /* BaseCollectionViewCell.swift */ = {isa = PBXFileReference; lastKnownFileType = sourcecode.swift; path = BaseCollectionViewCell.swift; sourceTree = "<group>"; };
		C231A6DF2B8CB15600D87CC6 /* NetworkViewModel.swift */ = {isa = PBXFileReference; lastKnownFileType = sourcecode.swift; path = NetworkViewModel.swift; sourceTree = "<group>"; };
		C231A6E12B8CB32D00D87CC6 /* SortType.swift */ = {isa = PBXFileReference; lastKnownFileType = sourcecode.swift; path = SortType.swift; sourceTree = "<group>"; };
		C231A6E32B8CB4B900D87CC6 /* Model.swift */ = {isa = PBXFileReference; lastKnownFileType = sourcecode.swift; path = Model.swift; sourceTree = "<group>"; };
		C25FC45C2B5BE0DF000D8F6E /* .gitignore */ = {isa = PBXFileReference; lastKnownFileType = text; path = .gitignore; sourceTree = "<group>"; };
		C25FC45E2B5BE120000D8F6E /* APIKey.swift */ = {isa = PBXFileReference; lastKnownFileType = sourcecode.swift; path = APIKey.swift; sourceTree = "<group>"; };
		C29E8B3E2B6100EE00894D23 /* UserDefaultManager.swift */ = {isa = PBXFileReference; lastKnownFileType = sourcecode.swift; path = UserDefaultManager.swift; sourceTree = "<group>"; };
		C2A75FF22B63B4E600541BE7 /* KeywordHistoryViewController.swift */ = {isa = PBXFileReference; lastKnownFileType = sourcecode.swift; path = KeywordHistoryViewController.swift; sourceTree = "<group>"; };
		C2F4F3012B8CDE4600E65588 /* KeywordResultViewController.swift */ = {isa = PBXFileReference; lastKnownFileType = sourcecode.swift; path = KeywordResultViewController.swift; sourceTree = "<group>"; };
		C2F9EFD02B59392400D0BBA1 /* UIViewControllerExtension.swift */ = {isa = PBXFileReference; lastKnownFileType = sourcecode.swift; path = UIViewControllerExtension.swift; sourceTree = "<group>"; };
		C2F9EFD92B5A325200D0BBA1 /* Protocol.swift */ = {isa = PBXFileReference; lastKnownFileType = sourcecode.swift; path = Protocol.swift; sourceTree = "<group>"; };
/* End PBXFileReference section */

/* Begin PBXFrameworksBuildPhase section */
		C20F83962B591CF4006B2463 /* Frameworks */ = {
			isa = PBXFrameworksBuildPhase;
			buildActionMask = 2147483647;
			files = (
				C2A75FF62B63B56E00541BE7 /* SnapKit in Frameworks */,
				C25FC4552B5BDE68000D8F6E /* Kingfisher in Frameworks */,
				C25FC44C2B5BD064000D8F6E /* Alamofire in Frameworks */,
				C2A75FF82B63B56E00541BE7 /* SnapKit-Dynamic in Frameworks */,
			);
			runOnlyForDeploymentPostprocessing = 0;
		};
/* End PBXFrameworksBuildPhase section */

/* Begin PBXGroup section */
		C20F83902B591CF4006B2463 = {
			isa = PBXGroup;
			children = (
				C25FC45E2B5BE120000D8F6E /* APIKey.swift */,
				C25FC45C2B5BE0DF000D8F6E /* .gitignore */,
				C20F839B2B591CF4006B2463 /* SeSAC_Recap */,
				C20F839A2B591CF4006B2463 /* Products */,
			);
			sourceTree = "<group>";
		};
		C20F839A2B591CF4006B2463 /* Products */ = {
			isa = PBXGroup;
			children = (
				C20F83992B591CF4006B2463 /* SeSAC_Recap.app */,
			);
			name = Products;
			sourceTree = "<group>";
		};
		C20F839B2B591CF4006B2463 /* SeSAC_Recap */ = {
			isa = PBXGroup;
			children = (
				C2898B4A2B6796DF00AF9CE8 /* Onboarding */,
				C2898B4B2B67987000AF9CE8 /* NickcnameSetting */,
				C2898B4C2B6798A500AF9CE8 /* ProfileImageSetting */,
				C2898B4D2B6798C700AF9CE8 /* KeywordHistory */,
				C2F4F3002B8CDE2F00E65588 /* KeywordResult */,
				C231A6DE2B8CB13600D87CC6 /* Network */,
				C231A69B2B88C5FE00D87CC6 /* Setting */,
				C2F9EFF02B5AC5EA00D0BBA1 /* Protocol */,
				C2F9EFCF2B5938DD00D0BBA1 /* Extension */,
				C231A6982B88C49500D87CC6 /* Base */,
				C231A6D22B8C93C500D87CC6 /* Observable */,
				C231A6DD2B8CA08A00D87CC6 /* UserDefaultManager */,
				C20F839C2B591CF4006B2463 /* AppDelegate.swift */,
				C20F839E2B591CF4006B2463 /* SceneDelegate.swift */,
				C20F83A02B591CF4006B2463 /* ViewController.swift */,
				C20F83A22B591CF4006B2463 /* Main.storyboard */,
				C20F83A52B591CF5006B2463 /* Assets.xcassets */,
				C20F83A72B591CF5006B2463 /* LaunchScreen.storyboard */,
				C20F83AA2B591CF5006B2463 /* Info.plist */,
			);
			path = SeSAC_Recap;
			sourceTree = "<group>";
		};
		C231A6982B88C49500D87CC6 /* Base */ = {
			isa = PBXGroup;
			children = (
				C231A6992B88C4A200D87CC6 /* BaseViewController.swift */,
				C231A6DB2B8C9FA500D87CC6 /* BaseCollectionViewCell.swift */,
			);
			path = Base;
			sourceTree = "<group>";
		};
		C231A69B2B88C5FE00D87CC6 /* Setting */ = {
			isa = PBXGroup;
			children = (
				C231A69C2B88C60800D87CC6 /* SettingViewController.swift */,
				C231A6A42B8B596F00D87CC6 /* SettingEnum.swift */,
			);
			path = Setting;
			sourceTree = "<group>";
		};
		C231A6D22B8C93C500D87CC6 /* Observable */ = {
			isa = PBXGroup;
			children = (
				C231A6A02B8B15BD00D87CC6 /* Observable.swift */,
			);
			path = Observable;
			sourceTree = "<group>";
		};
		C231A6DD2B8CA08A00D87CC6 /* UserDefaultManager */ = {
			isa = PBXGroup;
			children = (
				C29E8B3E2B6100EE00894D23 /* UserDefaultManager.swift */,
			);
			path = UserDefaultManager;
			sourceTree = "<group>";
		};
		C231A6DE2B8CB13600D87CC6 /* Network */ = {
			isa = PBXGroup;
			children = (
				C231A6DF2B8CB15600D87CC6 /* NetworkViewModel.swift */,
				C231A6E12B8CB32D00D87CC6 /* SortType.swift */,
				C231A6E32B8CB4B900D87CC6 /* Model.swift */,
			);
			path = Network;
			sourceTree = "<group>";
		};
		C2898B4A2B6796DF00AF9CE8 /* Onboarding */ = {
			isa = PBXGroup;
			children = (
				C216071B2B666B6C001DD301 /* OnboardingViewController.swift */,
			);
			path = Onboarding;
			sourceTree = "<group>";
		};
		C2898B4B2B67987000AF9CE8 /* NickcnameSetting */ = {
			isa = PBXGroup;
			children = (
				C21607132B65AF2E001DD301 /* NickcnameSettingViewController.swift */,
				C231A69E2B88CDB900D87CC6 /* NicknameViewModel.swift */,
			);
			path = NickcnameSetting;
			sourceTree = "<group>";
		};
		C2898B4C2B6798A500AF9CE8 /* ProfileImageSetting */ = {
			isa = PBXGroup;
			children = (
				C21607152B65BC4C001DD301 /* ProfileImageSettingViewController.swift */,
				C21607172B65F1C0001DD301 /* ProfileImageSettingCollectionViewCell.swift */,
			);
			path = ProfileImageSetting;
			sourceTree = "<group>";
		};
		C2898B4D2B6798C700AF9CE8 /* KeywordHistory */ = {
			isa = PBXGroup;
			children = (
				C2A75FF22B63B4E600541BE7 /* KeywordHistoryViewController.swift */,
				C20314472B63C0880002FD47 /* KeywordHistoryTableViewCell.swift */,
			);
			path = KeywordHistory;
			sourceTree = "<group>";
		};
		C2F4F3002B8CDE2F00E65588 /* KeywordResult */ = {
			isa = PBXGroup;
			children = (
				C2F4F3012B8CDE4600E65588 /* KeywordResultViewController.swift */,
			);
			path = KeywordResult;
			sourceTree = "<group>";
		};
		C2F9EFCF2B5938DD00D0BBA1 /* Extension */ = {
			isa = PBXGroup;
			children = (
				C2F9EFD02B59392400D0BBA1 /* UIViewControllerExtension.swift */,
			);
			path = Extension;
			sourceTree = "<group>";
		};
		C2F9EFF02B5AC5EA00D0BBA1 /* Protocol */ = {
			isa = PBXGroup;
			children = (
				C2F9EFD92B5A325200D0BBA1 /* Protocol.swift */,
				C231A6962B88C47200D87CC6 /* Then.swift */,
			);
			path = Protocol;
			sourceTree = "<group>";
		};
/* End PBXGroup section */

/* Begin PBXNativeTarget section */
		C20F83982B591CF4006B2463 /* SeSAC_Recap */ = {
			isa = PBXNativeTarget;
			buildConfigurationList = C20F83AD2B591CF5006B2463 /* Build configuration list for PBXNativeTarget "SeSAC_Recap" */;
			buildPhases = (
				C20F83952B591CF4006B2463 /* Sources */,
				C20F83962B591CF4006B2463 /* Frameworks */,
				C20F83972B591CF4006B2463 /* Resources */,
			);
			buildRules = (
			);
			dependencies = (
			);
			name = SeSAC_Recap;
			packageProductDependencies = (
				C25FC44B2B5BD064000D8F6E /* Alamofire */,
				C25FC4542B5BDE68000D8F6E /* Kingfisher */,
				C2A75FF52B63B56E00541BE7 /* SnapKit */,
				C2A75FF72B63B56E00541BE7 /* SnapKit-Dynamic */,
			);
			productName = SeSAC_Recap;
			productReference = C20F83992B591CF4006B2463 /* SeSAC_Recap.app */;
			productType = "com.apple.product-type.application";
		};
/* End PBXNativeTarget section */

/* Begin PBXProject section */
		C20F83912B591CF4006B2463 /* Project object */ = {
			isa = PBXProject;
			attributes = {
				BuildIndependentTargetsInParallel = 1;
				LastSwiftUpdateCheck = 1510;
				LastUpgradeCheck = 1510;
				TargetAttributes = {
					C20F83982B591CF4006B2463 = {
						CreatedOnToolsVersion = 15.1;
					};
				};
			};
			buildConfigurationList = C20F83942B591CF4006B2463 /* Build configuration list for PBXProject "SeSAC_Recap_Codebase" */;
			compatibilityVersion = "Xcode 14.0";
			developmentRegion = en;
			hasScannedForEncodings = 0;
			knownRegions = (
				en,
				Base,
			);
			mainGroup = C20F83902B591CF4006B2463;
			packageReferences = (
				C25FC44A2B5BD064000D8F6E /* XCRemoteSwiftPackageReference "Alamofire" */,
				C25FC4532B5BDE68000D8F6E /* XCRemoteSwiftPackageReference "Kingfisher" */,
				C2A75FF42B63B56E00541BE7 /* XCRemoteSwiftPackageReference "SnapKit" */,
				C23653A82BBDBCA2004BB665 /* XCRemoteSwiftPackageReference "RxSwift" */,
			);
			productRefGroup = C20F839A2B591CF4006B2463 /* Products */;
			projectDirPath = "";
			projectRoot = "";
			targets = (
				C20F83982B591CF4006B2463 /* SeSAC_Recap */,
			);
		};
/* End PBXProject section */

/* Begin PBXResourcesBuildPhase section */
		C20F83972B591CF4006B2463 /* Resources */ = {
			isa = PBXResourcesBuildPhase;
			buildActionMask = 2147483647;
			files = (
				C20F83A92B591CF5006B2463 /* LaunchScreen.storyboard in Resources */,
				C20F83A62B591CF5006B2463 /* Assets.xcassets in Resources */,
				C25FC45D2B5BE0DF000D8F6E /* .gitignore in Resources */,
				C20F83A42B591CF4006B2463 /* Main.storyboard in Resources */,
			);
			runOnlyForDeploymentPostprocessing = 0;
		};
/* End PBXResourcesBuildPhase section */

/* Begin PBXSourcesBuildPhase section */
		C20F83952B591CF4006B2463 /* Sources */ = {
			isa = PBXSourcesBuildPhase;
			buildActionMask = 2147483647;
			files = (
				C231A6A12B8B15BD00D87CC6 /* Observable.swift in Sources */,
				C216071C2B666B6C001DD301 /* OnboardingViewController.swift in Sources */,
				C20F83A12B591CF4006B2463 /* ViewController.swift in Sources */,
				C231A69F2B88CDB900D87CC6 /* NicknameViewModel.swift in Sources */,
				C20F839D2B591CF4006B2463 /* AppDelegate.swift in Sources */,
				C2F4F3022B8CDE4600E65588 /* KeywordResultViewController.swift in Sources */,
				C2F9EFD12B59392400D0BBA1 /* UIViewControllerExtension.swift in Sources */,
				C2F9EFDA2B5A325200D0BBA1 /* Protocol.swift in Sources */,
				C231A69D2B88C60800D87CC6 /* SettingViewController.swift in Sources */,
				C20314482B63C0880002FD47 /* KeywordHistoryTableViewCell.swift in Sources */,
				C21607182B65F1C0001DD301 /* ProfileImageSettingCollectionViewCell.swift in Sources */,
				C2A75FF32B63B4E600541BE7 /* KeywordHistoryViewController.swift in Sources */,
				C231A6E22B8CB32D00D87CC6 /* SortType.swift in Sources */,
				C231A6DC2B8C9FA500D87CC6 /* BaseCollectionViewCell.swift in Sources */,
				C231A6A52B8B596F00D87CC6 /* SettingEnum.swift in Sources */,
				C231A6E02B8CB15600D87CC6 /* NetworkViewModel.swift in Sources */,
				C231A6E42B8CB4B900D87CC6 /* Model.swift in Sources */,
				C20F839F2B591CF4006B2463 /* SceneDelegate.swift in Sources */,
				C21607162B65BC4C001DD301 /* ProfileImageSettingViewController.swift in Sources */,
				C21607142B65AF2E001DD301 /* NickcnameSettingViewController.swift in Sources */,
				C25FC45F2B5BE120000D8F6E /* APIKey.swift in Sources */,
				C231A69A2B88C4A200D87CC6 /* BaseViewController.swift in Sources */,
				C231A6972B88C47200D87CC6 /* Then.swift in Sources */,
				C29E8B3F2B6100EE00894D23 /* UserDefaultManager.swift in Sources */,
			);
			runOnlyForDeploymentPostprocessing = 0;
		};
/* End PBXSourcesBuildPhase section */

/* Begin PBXVariantGroup section */
		C20F83A22B591CF4006B2463 /* Main.storyboard */ = {
			isa = PBXVariantGroup;
			children = (
				C20F83A32B591CF4006B2463 /* Base */,
			);
			name = Main.storyboard;
			sourceTree = "<group>";
		};
		C20F83A72B591CF5006B2463 /* LaunchScreen.storyboard */ = {
			isa = PBXVariantGroup;
			children = (
				C20F83A82B591CF5006B2463 /* Base */,
			);
			name = LaunchScreen.storyboard;
			sourceTree = "<group>";
		};
/* End PBXVariantGroup section */

/* Begin XCBuildConfiguration section */
		C20F83AB2B591CF5006B2463 /* Debug */ = {
			isa = XCBuildConfiguration;
			buildSettings = {
				ALWAYS_SEARCH_USER_PATHS = NO;
				ASSETCATALOG_COMPILER_GENERATE_SWIFT_ASSET_SYMBOL_EXTENSIONS = YES;
				CLANG_ANALYZER_NONNULL = YES;
				CLANG_ANALYZER_NUMBER_OBJECT_CONVERSION = YES_AGGRESSIVE;
				CLANG_CXX_LANGUAGE_STANDARD = "gnu++20";
				CLANG_ENABLE_MODULES = YES;
				CLANG_ENABLE_OBJC_ARC = YES;
				CLANG_ENABLE_OBJC_WEAK = YES;
				CLANG_WARN_BLOCK_CAPTURE_AUTORELEASING = YES;
				CLANG_WARN_BOOL_CONVERSION = YES;
				CLANG_WARN_COMMA = YES;
				CLANG_WARN_CONSTANT_CONVERSION = YES;
				CLANG_WARN_DEPRECATED_OBJC_IMPLEMENTATIONS = YES;
				CLANG_WARN_DIRECT_OBJC_ISA_USAGE = YES_ERROR;
				CLANG_WARN_DOCUMENTATION_COMMENTS = YES;
				CLANG_WARN_EMPTY_BODY = YES;
				CLANG_WARN_ENUM_CONVERSION = YES;
				CLANG_WARN_INFINITE_RECURSION = YES;
				CLANG_WARN_INT_CONVERSION = YES;
				CLANG_WARN_NON_LITERAL_NULL_CONVERSION = YES;
				CLANG_WARN_OBJC_IMPLICIT_RETAIN_SELF = YES;
				CLANG_WARN_OBJC_LITERAL_CONVERSION = YES;
				CLANG_WARN_OBJC_ROOT_CLASS = YES_ERROR;
				CLANG_WARN_QUOTED_INCLUDE_IN_FRAMEWORK_HEADER = YES;
				CLANG_WARN_RANGE_LOOP_ANALYSIS = YES;
				CLANG_WARN_STRICT_PROTOTYPES = YES;
				CLANG_WARN_SUSPICIOUS_MOVE = YES;
				CLANG_WARN_UNGUARDED_AVAILABILITY = YES_AGGRESSIVE;
				CLANG_WARN_UNREACHABLE_CODE = YES;
				CLANG_WARN__DUPLICATE_METHOD_MATCH = YES;
				COPY_PHASE_STRIP = NO;
				DEBUG_INFORMATION_FORMAT = dwarf;
				ENABLE_STRICT_OBJC_MSGSEND = YES;
				ENABLE_TESTABILITY = YES;
				ENABLE_USER_SCRIPT_SANDBOXING = YES;
				GCC_C_LANGUAGE_STANDARD = gnu17;
				GCC_DYNAMIC_NO_PIC = NO;
				GCC_NO_COMMON_BLOCKS = YES;
				GCC_OPTIMIZATION_LEVEL = 0;
				GCC_PREPROCESSOR_DEFINITIONS = (
					"DEBUG=1",
					"$(inherited)",
				);
				GCC_WARN_64_TO_32_BIT_CONVERSION = YES;
				GCC_WARN_ABOUT_RETURN_TYPE = YES_ERROR;
				GCC_WARN_UNDECLARED_SELECTOR = YES;
				GCC_WARN_UNINITIALIZED_AUTOS = YES_AGGRESSIVE;
				GCC_WARN_UNUSED_FUNCTION = YES;
				GCC_WARN_UNUSED_VARIABLE = YES;
				IPHONEOS_DEPLOYMENT_TARGET = 17.2;
				LOCALIZATION_PREFERS_STRING_CATALOGS = YES;
				MTL_ENABLE_DEBUG_INFO = INCLUDE_SOURCE;
				MTL_FAST_MATH = YES;
				ONLY_ACTIVE_ARCH = YES;
				SDKROOT = iphoneos;
				SWIFT_ACTIVE_COMPILATION_CONDITIONS = "DEBUG $(inherited)";
				SWIFT_OPTIMIZATION_LEVEL = "-Onone";
			};
			name = Debug;
		};
		C20F83AC2B591CF5006B2463 /* Release */ = {
			isa = XCBuildConfiguration;
			buildSettings = {
				ALWAYS_SEARCH_USER_PATHS = NO;
				ASSETCATALOG_COMPILER_GENERATE_SWIFT_ASSET_SYMBOL_EXTENSIONS = YES;
				CLANG_ANALYZER_NONNULL = YES;
				CLANG_ANALYZER_NUMBER_OBJECT_CONVERSION = YES_AGGRESSIVE;
				CLANG_CXX_LANGUAGE_STANDARD = "gnu++20";
				CLANG_ENABLE_MODULES = YES;
				CLANG_ENABLE_OBJC_ARC = YES;
				CLANG_ENABLE_OBJC_WEAK = YES;
				CLANG_WARN_BLOCK_CAPTURE_AUTORELEASING = YES;
				CLANG_WARN_BOOL_CONVERSION = YES;
				CLANG_WARN_COMMA = YES;
				CLANG_WARN_CONSTANT_CONVERSION = YES;
				CLANG_WARN_DEPRECATED_OBJC_IMPLEMENTATIONS = YES;
				CLANG_WARN_DIRECT_OBJC_ISA_USAGE = YES_ERROR;
				CLANG_WARN_DOCUMENTATION_COMMENTS = YES;
				CLANG_WARN_EMPTY_BODY = YES;
				CLANG_WARN_ENUM_CONVERSION = YES;
				CLANG_WARN_INFINITE_RECURSION = YES;
				CLANG_WARN_INT_CONVERSION = YES;
				CLANG_WARN_NON_LITERAL_NULL_CONVERSION = YES;
				CLANG_WARN_OBJC_IMPLICIT_RETAIN_SELF = YES;
				CLANG_WARN_OBJC_LITERAL_CONVERSION = YES;
				CLANG_WARN_OBJC_ROOT_CLASS = YES_ERROR;
				CLANG_WARN_QUOTED_INCLUDE_IN_FRAMEWORK_HEADER = YES;
				CLANG_WARN_RANGE_LOOP_ANALYSIS = YES;
				CLANG_WARN_STRICT_PROTOTYPES = YES;
				CLANG_WARN_SUSPICIOUS_MOVE = YES;
				CLANG_WARN_UNGUARDED_AVAILABILITY = YES_AGGRESSIVE;
				CLANG_WARN_UNREACHABLE_CODE = YES;
				CLANG_WARN__DUPLICATE_METHOD_MATCH = YES;
				COPY_PHASE_STRIP = NO;
				DEBUG_INFORMATION_FORMAT = "dwarf-with-dsym";
				ENABLE_NS_ASSERTIONS = NO;
				ENABLE_STRICT_OBJC_MSGSEND = YES;
				ENABLE_USER_SCRIPT_SANDBOXING = YES;
				GCC_C_LANGUAGE_STANDARD = gnu17;
				GCC_NO_COMMON_BLOCKS = YES;
				GCC_WARN_64_TO_32_BIT_CONVERSION = YES;
				GCC_WARN_ABOUT_RETURN_TYPE = YES_ERROR;
				GCC_WARN_UNDECLARED_SELECTOR = YES;
				GCC_WARN_UNINITIALIZED_AUTOS = YES_AGGRESSIVE;
				GCC_WARN_UNUSED_FUNCTION = YES;
				GCC_WARN_UNUSED_VARIABLE = YES;
				IPHONEOS_DEPLOYMENT_TARGET = 17.2;
				LOCALIZATION_PREFERS_STRING_CATALOGS = YES;
				MTL_ENABLE_DEBUG_INFO = NO;
				MTL_FAST_MATH = YES;
				SDKROOT = iphoneos;
				SWIFT_COMPILATION_MODE = wholemodule;
				VALIDATE_PRODUCT = YES;
			};
			name = Release;
		};
		C20F83AE2B591CF5006B2463 /* Debug */ = {
			isa = XCBuildConfiguration;
			buildSettings = {
				ASSETCATALOG_COMPILER_APPICON_NAME = AppIcon;
				ASSETCATALOG_COMPILER_GLOBAL_ACCENT_COLOR_NAME = AccentColor;
				CODE_SIGN_STYLE = Automatic;
				CURRENT_PROJECT_VERSION = 1;
				DEVELOPMENT_TEAM = 8HG96SSK4A;
				GENERATE_INFOPLIST_FILE = YES;
				INFOPLIST_FILE = SeSAC_Recap/Info.plist;
				INFOPLIST_KEY_CFBundleDisplayName = "박지은";
				INFOPLIST_KEY_UIApplicationSupportsIndirectInputEvents = YES;
				INFOPLIST_KEY_UILaunchStoryboardName = LaunchScreen;
				INFOPLIST_KEY_UIMainStoryboardFile = Main;
				INFOPLIST_KEY_UISupportedInterfaceOrientations_iPad = "UIInterfaceOrientationPortrait UIInterfaceOrientationPortraitUpsideDown UIInterfaceOrientationLandscapeLeft UIInterfaceOrientationLandscapeRight";
				INFOPLIST_KEY_UISupportedInterfaceOrientations_iPhone = "UIInterfaceOrientationPortrait UIInterfaceOrientationLandscapeLeft UIInterfaceOrientationLandscapeRight";
				LD_RUNPATH_SEARCH_PATHS = (
					"$(inherited)",
					"@executable_path/Frameworks",
				);
				MARKETING_VERSION = 1.0;
				PRODUCT_BUNDLE_IDENTIFIER = "com.cyndi.SeSAC-Recap";
				PRODUCT_NAME = "$(TARGET_NAME)";
				SWIFT_EMIT_LOC_STRINGS = YES;
				SWIFT_VERSION = 5.0;
				TARGETED_DEVICE_FAMILY = "1,2";
			};
			name = Debug;
		};
		C20F83AF2B591CF5006B2463 /* Release */ = {
			isa = XCBuildConfiguration;
			buildSettings = {
				ASSETCATALOG_COMPILER_APPICON_NAME = AppIcon;
				ASSETCATALOG_COMPILER_GLOBAL_ACCENT_COLOR_NAME = AccentColor;
				CODE_SIGN_STYLE = Automatic;
				CURRENT_PROJECT_VERSION = 1;
				DEVELOPMENT_TEAM = 8HG96SSK4A;
				GENERATE_INFOPLIST_FILE = YES;
				INFOPLIST_FILE = SeSAC_Recap/Info.plist;
				INFOPLIST_KEY_CFBundleDisplayName = "박지은";
				INFOPLIST_KEY_UIApplicationSupportsIndirectInputEvents = YES;
				INFOPLIST_KEY_UILaunchStoryboardName = LaunchScreen;
				INFOPLIST_KEY_UIMainStoryboardFile = Main;
				INFOPLIST_KEY_UISupportedInterfaceOrientations_iPad = "UIInterfaceOrientationPortrait UIInterfaceOrientationPortraitUpsideDown UIInterfaceOrientationLandscapeLeft UIInterfaceOrientationLandscapeRight";
				INFOPLIST_KEY_UISupportedInterfaceOrientations_iPhone = "UIInterfaceOrientationPortrait UIInterfaceOrientationLandscapeLeft UIInterfaceOrientationLandscapeRight";
				LD_RUNPATH_SEARCH_PATHS = (
					"$(inherited)",
					"@executable_path/Frameworks",
				);
				MARKETING_VERSION = 1.0;
				PRODUCT_BUNDLE_IDENTIFIER = "com.cyndi.SeSAC-Recap";
				PRODUCT_NAME = "$(TARGET_NAME)";
				SWIFT_EMIT_LOC_STRINGS = YES;
				SWIFT_VERSION = 5.0;
				TARGETED_DEVICE_FAMILY = "1,2";
			};
			name = Release;
		};
/* End XCBuildConfiguration section */

/* Begin XCConfigurationList section */
		C20F83942B591CF4006B2463 /* Build configuration list for PBXProject "SeSAC_Recap_Codebase" */ = {
			isa = XCConfigurationList;
			buildConfigurations = (
				C20F83AB2B591CF5006B2463 /* Debug */,
				C20F83AC2B591CF5006B2463 /* Release */,
			);
			defaultConfigurationIsVisible = 0;
			defaultConfigurationName = Release;
		};
		C20F83AD2B591CF5006B2463 /* Build configuration list for PBXNativeTarget "SeSAC_Recap" */ = {
			isa = XCConfigurationList;
			buildConfigurations = (
				C20F83AE2B591CF5006B2463 /* Debug */,
				C20F83AF2B591CF5006B2463 /* Release */,
			);
			defaultConfigurationIsVisible = 0;
			defaultConfigurationName = Release;
		};
/* End XCConfigurationList section */

/* Begin XCRemoteSwiftPackageReference section */
		C23653A82BBDBCA2004BB665 /* XCRemoteSwiftPackageReference "RxSwift" */ = {
			isa = XCRemoteSwiftPackageReference;
			repositoryURL = "https://github.com/ReactiveX/RxSwift";
			requirement = {
				kind = upToNextMajorVersion;
				minimumVersion = 6.6.0;
			};
		};
		C25FC44A2B5BD064000D8F6E /* XCRemoteSwiftPackageReference "Alamofire" */ = {
			isa = XCRemoteSwiftPackageReference;
			repositoryURL = "https://github.com/Alamofire/Alamofire";
			requirement = {
				kind = upToNextMajorVersion;
				minimumVersion = 5.8.1;
			};
		};
		C25FC4532B5BDE68000D8F6E /* XCRemoteSwiftPackageReference "Kingfisher" */ = {
			isa = XCRemoteSwiftPackageReference;
			repositoryURL = "https://github.com/onevcat/Kingfisher";
			requirement = {
				kind = upToNextMajorVersion;
				minimumVersion = 7.10.2;
			};
		};
		C2A75FF42B63B56E00541BE7 /* XCRemoteSwiftPackageReference "SnapKit" */ = {
			isa = XCRemoteSwiftPackageReference;
			repositoryURL = "https://github.com/SnapKit/SnapKit.git";
			requirement = {
				kind = upToNextMajorVersion;
				minimumVersion = 5.7.0;
			};
		};
/* End XCRemoteSwiftPackageReference section */

/* Begin XCSwiftPackageProductDependency section */
		C25FC44B2B5BD064000D8F6E /* Alamofire */ = {
			isa = XCSwiftPackageProductDependency;
			package = C25FC44A2B5BD064000D8F6E /* XCRemoteSwiftPackageReference "Alamofire" */;
			productName = Alamofire;
		};
		C25FC4542B5BDE68000D8F6E /* Kingfisher */ = {
			isa = XCSwiftPackageProductDependency;
			package = C25FC4532B5BDE68000D8F6E /* XCRemoteSwiftPackageReference "Kingfisher" */;
			productName = Kingfisher;
		};
		C2A75FF52B63B56E00541BE7 /* SnapKit */ = {
			isa = XCSwiftPackageProductDependency;
			package = C2A75FF42B63B56E00541BE7 /* XCRemoteSwiftPackageReference "SnapKit" */;
			productName = SnapKit;
		};
		C2A75FF72B63B56E00541BE7 /* SnapKit-Dynamic */ = {
			isa = XCSwiftPackageProductDependency;
			package = C2A75FF42B63B56E00541BE7 /* XCRemoteSwiftPackageReference "SnapKit" */;
			productName = "SnapKit-Dynamic";
		};
/* End XCSwiftPackageProductDependency section */
	};
	rootObject = C20F83912B591CF4006B2463 /* Project object */;
}
